
Microsoft Visual Studio Solution File, Format Version 12.00
# Visual Studio Version 16
VisualStudioVersion = 16.0.31702.278
MinimumVisualStudioVersion = 10.0.40219.1
Project("{FAE04EC0-301F-11D3-BF4B-00C04F79EFBC}") = "Lab21", "Lab21\Lab21.csproj", "{ABAEB02A-F308-4F44-B457-81C785ED102D}"
EndProject
Global
	GlobalSection(SolutionConfigurationPlatforms) = preSolution
		Debug|Any CPU = Debug|Any CPU
		Release|Any CPU = Release|Any CPU
	EndGlobalSection
	GlobalSection(ProjectConfigurationPlatforms) = postSolution
		{ABAEB02A-F308-4F44-B457-81C785ED102D}.Debug|Any CPU.ActiveCfg = Debug|Any CPU
		{ABAEB02A-F308-4F44-B457-81C785ED102D}.Debug|Any CPU.Build.0 = Debug|Any CPU
		{ABAEB02A-F308-4F44-B457-81C785ED102D}.Release|Any CPU.ActiveCfg = Release|Any CPU
		{ABAEB02A-F308-4F44-B457-81C785ED102D}.Release|Any CPU.Build.0 = Release|Any CPU
	EndGlobalSection
	GlobalSection(SolutionProperties) = preSolution
		HideSolutionNode = FALSE
	EndGlobalSection
	GlobalSection(ExtensibilityGlobals) = postSolution
		SolutionGuid = {518EFA4A-3E11-4602-A0B6-E18608D722BA}
	EndGlobalSection
EndGlobal
